
Microsoft Visual Studio Solution File, Format Version 12.00
# Visual Studio 2012
Project("{FAE04EC0-301F-11D3-BF4B-00C04F79EFBC}") = "DbConnect", "DbConnect.csproj", "{5CC3D818-B296-4B1B-812D-79157EC91631}"
EndProject
Project("{FAE04EC0-301F-11D3-BF4B-00C04F79EFBC}") = "DbConnectorTestCases", "DbConnectorTestCases\DbConnectorTestCases.csproj", "{59C0BBA1-E06F-423D-A1C2-C77DB7CD2D47}"
EndProject
Global
	GlobalSection(SolutionConfigurationPlatforms) = preSolution
		Debug|Any CPU = Debug|Any CPU
		Release|Any CPU = Release|Any CPU
	EndGlobalSection
	GlobalSection(ProjectConfigurationPlatforms) = postSolution
		{5CC3D818-B296-4B1B-812D-79157EC91631}.Debug|Any CPU.ActiveCfg = Debug|Any CPU
		{5CC3D818-B296-4B1B-812D-79157EC91631}.Debug|Any CPU.Build.0 = Debug|Any CPU
		{5CC3D818-B296-4B1B-812D-79157EC91631}.Release|Any CPU.ActiveCfg = Release|Any CPU
		{5CC3D818-B296-4B1B-812D-79157EC91631}.Release|Any CPU.Build.0 = Release|Any CPU
		{59C0BBA1-E06F-423D-A1C2-C77DB7CD2D47}.Debug|Any CPU.ActiveCfg = Debug|Any CPU
		{59C0BBA1-E06F-423D-A1C2-C77DB7CD2D47}.Debug|Any CPU.Build.0 = Debug|Any CPU
		{59C0BBA1-E06F-423D-A1C2-C77DB7CD2D47}.Release|Any CPU.ActiveCfg = Release|Any CPU
		{59C0BBA1-E06F-423D-A1C2-C77DB7CD2D47}.Release|Any CPU.Build.0 = Release|Any CPU
	EndGlobalSection
	GlobalSection(SolutionProperties) = preSolution
		HideSolutionNode = FALSE
	EndGlobalSection
EndGlobal
